
Microsoft Visual Studio Solution File, Format Version 12.00
# Visual Studio 14
VisualStudioVersion = 14.0.23107.0
MinimumVisualStudioVersion = 10.0.40219.1
Project("{2150E333-8FDC-42A3-9474-1A3956D46DE8}") = "Solution Items", "Solution Items", "{59D4241B-33C4-47C9-88B3-922ACD5E15B9}"
EndProject
Project("{FAE04EC0-301F-11D3-BF4B-00C04F79EFBC}") = "SRPCommerceProject", "SRPCommerceProject\SRPCommerceProject.csproj", "{7A421312-11C5-4C94-9C2C-BE3941CBB607}"
EndProject
Global
	GlobalSection(SolutionConfigurationPlatforms) = preSolution
		Debug|Any CPU = Debug|Any CPU
		Release|Any CPU = Release|Any CPU
	EndGlobalSection
	GlobalSection(ProjectConfigurationPlatforms) = postSolution
		{7A421312-11C5-4C94-9C2C-BE3941CBB607}.Debug|Any CPU.ActiveCfg = Debug|Any CPU
		{7A421312-11C5-4C94-9C2C-BE3941CBB607}.Debug|Any CPU.Build.0 = Debug|Any CPU
		{7A421312-11C5-4C94-9C2C-BE3941CBB607}.Release|Any CPU.ActiveCfg = Release|Any CPU
		{7A421312-11C5-4C94-9C2C-BE3941CBB607}.Release|Any CPU.Build.0 = Release|Any CPU
	EndGlobalSection
	GlobalSection(SolutionProperties) = preSolution
		HideSolutionNode = FALSE
	EndGlobalSection
	GlobalSection(TestCaseManagementSettings) = postSolution
		CategoryFile = SRP.vsmdi
	EndGlobalSection
EndGlobal
